
Microsoft Visual Studio Solution File, Format Version 12.00
# Visual Studio 15
VisualStudioVersion = 15.0.27428.1
MinimumVisualStudioVersion = 10.0.40219.1
Project("{FAE04EC0-301F-11D3-BF4B-00C04F79EFBC}") = "图片查看器", "图片查看器\图片查看器.csproj", "{7A9BF8DE-58FC-4580-83B1-0BE7F927FC28}"
EndProject
Project("{FAE04EC0-301F-11D3-BF4B-00C04F79EFBC}") = "myControl", "..\myControl\myControl\myControl.csproj", "{BF5B5531-BBE9-4B37-9047-6CD28A768BB1}"
EndProject
Global
	GlobalSection(SolutionConfigurationPlatforms) = preSolution
		Debug|Any CPU = Debug|Any CPU
		Release|Any CPU = Release|Any CPU
	EndGlobalSection
	GlobalSection(ProjectConfigurationPlatforms) = postSolution
		{7A9BF8DE-58FC-4580-83B1-0BE7F927FC28}.Debug|Any CPU.ActiveCfg = Debug|Any CPU
		{7A9BF8DE-58FC-4580-83B1-0BE7F927FC28}.Debug|Any CPU.Build.0 = Debug|Any CPU
		{7A9BF8DE-58FC-4580-83B1-0BE7F927FC28}.Release|Any CPU.ActiveCfg = Release|Any CPU
		{7A9BF8DE-58FC-4580-83B1-0BE7F927FC28}.Release|Any CPU.Build.0 = Release|Any CPU
		{BF5B5531-BBE9-4B37-9047-6CD28A768BB1}.Debug|Any CPU.ActiveCfg = Debug|Any CPU
		{BF5B5531-BBE9-4B37-9047-6CD28A768BB1}.Debug|Any CPU.Build.0 = Debug|Any CPU
		{BF5B5531-BBE9-4B37-9047-6CD28A768BB1}.Release|Any CPU.ActiveCfg = Release|Any CPU
		{BF5B5531-BBE9-4B37-9047-6CD28A768BB1}.Release|Any CPU.Build.0 = Release|Any CPU
	EndGlobalSection
	GlobalSection(SolutionProperties) = preSolution
		HideSolutionNode = FALSE
	EndGlobalSection
	GlobalSection(ExtensibilityGlobals) = postSolution
		SolutionGuid = {6A989352-12D4-4698-960B-7DC7C22BB54E}
	EndGlobalSection
EndGlobal
